{
  "name": "project",
  "version": "0.0.0",
  "lockfileVersion": 1,
  "requires": true,
  "dependencies": {
    "cardboard-vr-display": {
      "version": "1.0.16",
      "resolved": "https://registry.npmjs.org/cardboard-vr-display/-/cardboard-vr-display-1.0.16.tgz",
      "integrity": "sha512-GFBWPMH/ixy4Ji014BAO1ryddGHphtJlA8gUR6UdKsOpPjUQukCKpgsx2XIJ5oBlqXnDQOcLVRqBWyuvTI32jQ==",
      "requires": {
        "gl-preserve-state": "1.0.0",
        "nosleep.js": "0.7.0",
        "webvr-polyfill-dpdb": "1.0.15"
      }
    },
    "gl-preserve-state": {
      "version": "1.0.0",
      "resolved": "https://registry.npmjs.org/gl-preserve-state/-/gl-preserve-state-1.0.0.tgz",
      "integrity": "sha512-zQZ25l3haD4hvgJZ6C9+s0ebdkW9y+7U2qxvGu1uWOJh8a4RU+jURIKEQhf8elIlFpMH6CrAY2tH0mYrRjet3Q=="
    },
    "nosleep.js": {
      "version": "0.7.0",
      "resolved": "https://registry.npmjs.org/nosleep.js/-/nosleep.js-0.7.0.tgz",
      "integrity": "sha1-z9kZwlUjyg0PSmn7MwXAg62u4ok="
    },
    "three": {
      "version": "0.102.1",
      "resolved": "https://registry.npmjs.org/three/-/three-0.102.1.tgz",
      "integrity": "sha512-btHBdww/Es4vdBkB2GjTE9mpj0vy8tgtxkX7ne7uxySXV8zoGxWJv1N88BydxnCqvAfmD4ZUTqPeESO7oDgeOQ=="
    },
    "vue": {
      "version": "2.6.8",
      "resolved": "https://registry.npmjs.org/vue/-/vue-2.6.8.tgz",
      "integrity": "sha512-+vp9lEC2Kt3yom673pzg1J7T1NVGuGzO9j8Wxno+rQN2WYVBX2pyo/RGQ3fXCLh2Pk76Skw/laAPCuBuEQ4diw=="
    },
    "webvr-polyfill": {
      "version": "0.10.10",
      "resolved": "https://registry.npmjs.org/webvr-polyfill/-/webvr-polyfill-0.10.10.tgz",
      "integrity": "sha512-WdKQ1XR9X2Gj9RUtmr+DajvWBWPva75m1rm0Z7CibR7ZstCm913zHYToxw0p/EK342wAxGfiWKsBmb3Jd5OO0w==",
      "requires": {
        "cardboard-vr-display": "1.0.16"
      }
    },
    "webvr-polyfill-dpdb": {
      "version": "1.0.15",
      "resolved": "https://registry.npmjs.org/webvr-polyfill-dpdb/-/webvr-polyfill-dpdb-1.0.15.tgz",
      "integrity": "sha512-EfjKbmt9n0WCSrTZgvL76IEjMl5yaZ8kZIlgWZnRJzmuKSMB0lrzZzlCJC5AtDizGnpWXlVn9UtAEgVd2nAIjA=="
    }
  }
}
